// !$*UTF8*$!
{
	archiveVersion = 1;
	classes = {
	};
	objectVersion = 50;
	objects = {

/* Begin PBXBuildFile section */
		A23BD2FD211A79D6003CFCEA /* AppDelegate.m in Sources */ = {isa = PBXBuildFile; fileRef = A23BD2FC211A79D6003CFCEA /* AppDelegate.m */; };
		A23BD300211A79D6003CFCEA /* ViewController.m in Sources */ = {isa = PBXBuildFile; fileRef = A23BD2FF211A79D6003CFCEA /* ViewController.m */; };
		A23BD303211A79D6003CFCEA /* Main.storyboard in Resources */ = {isa = PBXBuildFile; fileRef = A23BD301211A79D6003CFCEA /* Main.storyboard */; };
		A23BD305211A79D7003CFCEA /* Assets.xcassets in Resources */ = {isa = PBXBuildFile; fileRef = A23BD304211A79D7003CFCEA /* Assets.xcassets */; };
		A23BD308211A79D7003CFCEA /* LaunchScreen.storyboard in Resources */ = {isa = PBXBuildFile; fileRef = A23BD306211A79D7003CFCEA /* LaunchScreen.storyboard */; };
		A23BD30B211A79D7003CFCEA /* main.m in Sources */ = {isa = PBXBuildFile; fileRef = A23BD30A211A79D7003CFCEA /* main.m */; };
		A23BD315211A79D7003CFCEA /* _____DemoTests.m in Sources */ = {isa = PBXBuildFile; fileRef = A23BD314211A79D7003CFCEA /* _____DemoTests.m */; };
		A23BD320211A79D7003CFCEA /* _____DemoUITests.m in Sources */ = {isa = PBXBuildFile; fileRef = A23BD31F211A79D7003CFCEA /* _____DemoUITests.m */; };
/* End PBXBuildFile section */

/* Begin PBXContainerItemProxy section */
		A23BD311211A79D7003CFCEA /* PBXContainerItemProxy */ = {
			isa = PBXContainerItemProxy;
			containerPortal = A23BD2F0211A79D6003CFCEA /* Project object */;
			proxyType = 1;
			remoteGlobalIDString = A23BD2F7211A79D6003CFCEA;
			remoteInfo = "系统相册_Demo";
		};
		A23BD31C211A79D7003CFCEA /* PBXContainerItemProxy */ = {
			isa = PBXContainerItemProxy;
			containerPortal = A23BD2F0211A79D6003CFCEA /* Project object */;
			proxyType = 1;
			remoteGlobalIDString = A23BD2F7211A79D6003CFCEA;
			remoteInfo = "系统相册_Demo";
		};
/* End PBXContainerItemProxy section */

/* Begin PBXFileReference section */
		A23BD2F8211A79D6003CFCEA /* 系统相册_Demo.app */ = {isa = PBXFileReference; explicitFileType = wrapper.application; includeInIndex = 0; path = "系统相册_Demo.app"; sourceTree = BUILT_PRODUCTS_DIR; };
		A23BD2FB211A79D6003CFCEA /* AppDelegate.h */ = {isa = PBXFileReference; lastKnownFileType = sourcecode.c.h; path = AppDelegate.h; sourceTree = "<group>"; };
		A23BD2FC211A79D6003CFCEA /* AppDelegate.m */ = {isa = PBXFileReference; lastKnownFileType = sourcecode.c.objc; path = AppDelegate.m; sourceTree = "<group>"; };
		A23BD2FE211A79D6003CFCEA /* ViewController.h */ = {isa = PBXFileReference; lastKnownFileType = sourcecode.c.h; path = ViewController.h; sourceTree = "<group>"; };
		A23BD2FF211A79D6003CFCEA /* ViewController.m */ = {isa = PBXFileReference; lastKnownFileType = sourcecode.c.objc; path = ViewController.m; sourceTree = "<group>"; };
		A23BD302211A79D6003CFCEA /* Base */ = {isa = PBXFileReference; lastKnownFileType = file.storyboard; name = Base; path = Base.lproj/Main.storyboard; sourceTree = "<group>"; };
		A23BD304211A79D7003CFCEA /* Assets.xcassets */ = {isa = PBXFileReference; lastKnownFileType = folder.assetcatalog; path = Assets.xcassets; sourceTree = "<group>"; };
		A23BD307211A79D7003CFCEA /* Base */ = {isa = PBXFileReference; lastKnownFileType = file.storyboard; name = Base; path = Base.lproj/LaunchScreen.storyboard; sourceTree = "<group>"; };
		A23BD309211A79D7003CFCEA /* Info.plist */ = {isa = PBXFileReference; lastKnownFileType = text.plist.xml; path = Info.plist; sourceTree = "<group>"; };
		A23BD30A211A79D7003CFCEA /* main.m */ = {isa = PBXFileReference; lastKnownFileType = sourcecode.c.objc; path = main.m; sourceTree = "<group>"; };
		A23BD310211A79D7003CFCEA /* 系统相册_DemoTests.xctest */ = {isa = PBXFileReference; explicitFileType = wrapper.cfbundle; includeInIndex = 0; path = "系统相册_DemoTests.xctest"; sourceTree = BUILT_PRODUCTS_DIR; };
		A23BD314211A79D7003CFCEA /* _____DemoTests.m */ = {isa = PBXFileReference; lastKnownFileType = sourcecode.c.objc; path = "_____DemoTests.m"; sourceTree = "<group>"; };
		A23BD316211A79D7003CFCEA /* Info.plist */ = {isa = PBXFileReference; lastKnownFileType = text.plist.xml; path = Info.plist; sourceTree = "<group>"; };
		A23BD31B211A79D7003CFCEA /* 系统相册_DemoUITests.xctest */ = {isa = PBXFileReference; explicitFileType = wrapper.cfbundle; includeInIndex = 0; path = "系统相册_DemoUITests.xctest"; sourceTree = BUILT_PRODUCTS_DIR; };
		A23BD31F211A79D7003CFCEA /* _____DemoUITests.m */ = {isa = PBXFileReference; lastKnownFileType = sourcecode.c.objc; path = "_____DemoUITests.m"; sourceTree = "<group>"; };
		A23BD321211A79D7003CFCEA /* Info.plist */ = {isa = PBXFileReference; lastKnownFileType = text.plist.xml; path = Info.plist; sourceTree = "<group>"; };
/* End PBXFileReference section */

/* Begin PBXFrameworksBuildPhase section */
		A23BD2F5211A79D6003CFCEA /* Frameworks */ = {
			isa = PBXFrameworksBuildPhase;
			buildActionMask = 2147483647;
			files = (
			);
			runOnlyForDeploymentPostprocessing = 0;
		};
		A23BD30D211A79D7003CFCEA /* Frameworks */ = {
			isa = PBXFrameworksBuildPhase;
			buildActionMask = 2147483647;
			files = (
			);
			runOnlyForDeploymentPostprocessing = 0;
		};
		A23BD318211A79D7003CFCEA /* Frameworks */ = {
			isa = PBXFrameworksBuildPhase;
			buildActionMask = 2147483647;
			files = (
			);
			runOnlyForDeploymentPostprocessing = 0;
		};
/* End PBXFrameworksBuildPhase section */

/* Begin PBXGroup section */
		A23BD2EF211A79D6003CFCEA = {
			isa = PBXGroup;
			children = (
				A23BD2FA211A79D6003CFCEA /* 系统相册_Demo */,
				A23BD313211A79D7003CFCEA /* 系统相册_DemoTests */,
				A23BD31E211A79D7003CFCEA /* 系统相册_DemoUITests */,
				A23BD2F9211A79D6003CFCEA /* Products */,
			);
			sourceTree = "<group>";
		};
		A23BD2F9211A79D6003CFCEA /* Products */ = {
			isa = PBXGroup;
			children = (
				A23BD2F8211A79D6003CFCEA /* 系统相册_Demo.app */,
				A23BD310211A79D7003CFCEA /* 系统相册_DemoTests.xctest */,
				A23BD31B211A79D7003CFCEA /* 系统相册_DemoUITests.xctest */,
			);
			name = Products;
			sourceTree = "<group>";
		};
		A23BD2FA211A79D6003CFCEA /* 系统相册_Demo */ = {
			isa = PBXGroup;
			children = (
				A23BD2FB211A79D6003CFCEA /* AppDelegate.h */,
				A23BD2FC211A79D6003CFCEA /* AppDelegate.m */,
				A23BD2FE211A79D6003CFCEA /* ViewController.h */,
				A23BD2FF211A79D6003CFCEA /* ViewController.m */,
				A23BD301211A79D6003CFCEA /* Main.storyboard */,
				A23BD304211A79D7003CFCEA /* Assets.xcassets */,
				A23BD306211A79D7003CFCEA /* LaunchScreen.storyboard */,
				A23BD309211A79D7003CFCEA /* Info.plist */,
				A23BD30A211A79D7003CFCEA /* main.m */,
			);
			path = "系统相册_Demo";
			sourceTree = "<group>";
		};
		A23BD313211A79D7003CFCEA /* 系统相册_DemoTests */ = {
			isa = PBXGroup;
			children = (
				A23BD314211A79D7003CFCEA /* _____DemoTests.m */,
				A23BD316211A79D7003CFCEA /* Info.plist */,
			);
			path = "系统相册_DemoTests";
			sourceTree = "<group>";
		};
		A23BD31E211A79D7003CFCEA /* 系统相册_DemoUITests */ = {
			isa = PBXGroup;
			children = (
				A23BD31F211A79D7003CFCEA /* _____DemoUITests.m */,
				A23BD321211A79D7003CFCEA /* Info.plist */,
			);
			path = "系统相册_DemoUITests";
			sourceTree = "<group>";
		};
/* End PBXGroup section */

/* Begin PBXNativeTarget section */
		A23BD2F7211A79D6003CFCEA /* 系统相册_Demo */ = {
			isa = PBXNativeTarget;
			buildConfigurationList = A23BD324211A79D7003CFCEA /* Build configuration list for PBXNativeTarget "系统相册_Demo" */;
			buildPhases = (
				A23BD2F4211A79D6003CFCEA /* Sources */,
				A23BD2F5211A79D6003CFCEA /* Frameworks */,
				A23BD2F6211A79D6003CFCEA /* Resources */,
			);
			buildRules = (
			);
			dependencies = (
			);
			name = "系统相册_Demo";
			productName = "系统相册_Demo";
			productReference = A23BD2F8211A79D6003CFCEA /* 系统相册_Demo.app */;
			productType = "com.apple.product-type.application";
		};
		A23BD30F211A79D7003CFCEA /* 系统相册_DemoTests */ = {
			isa = PBXNativeTarget;
			buildConfigurationList = A23BD327211A79D7003CFCEA /* Build configuration list for PBXNativeTarget "系统相册_DemoTests" */;
			buildPhases = (
				A23BD30C211A79D7003CFCEA /* Sources */,
				A23BD30D211A79D7003CFCEA /* Frameworks */,
				A23BD30E211A79D7003CFCEA /* Resources */,
			);
			buildRules = (
			);
			dependencies = (
				A23BD312211A79D7003CFCEA /* PBXTargetDependency */,
			);
			name = "系统相册_DemoTests";
			productName = "系统相册_DemoTests";
			productReference = A23BD310211A79D7003CFCEA /* 系统相册_DemoTests.xctest */;
			productType = "com.apple.product-type.bundle.unit-test";
		};
		A23BD31A211A79D7003CFCEA /* 系统相册_DemoUITests */ = {
			isa = PBXNativeTarget;
			buildConfigurationList = A23BD32A211A79D7003CFCEA /* Build configuration list for PBXNativeTarget "系统相册_DemoUITests" */;
			buildPhases = (
				A23BD317211A79D7003CFCEA /* Sources */,
				A23BD318211A79D7003CFCEA /* Frameworks */,
				A23BD319211A79D7003CFCEA /* Resources */,
			);
			buildRules = (
			);
			dependencies = (
				A23BD31D211A79D7003CFCEA /* PBXTargetDependency */,
			);
			name = "系统相册_DemoUITests";
			productName = "系统相册_DemoUITests";
			productReference = A23BD31B211A79D7003CFCEA /* 系统相册_DemoUITests.xctest */;
			productType = "com.apple.product-type.bundle.ui-testing";
		};
/* End PBXNativeTarget section */

/* Begin PBXProject section */
		A23BD2F0211A79D6003CFCEA /* Project object */ = {
			isa = PBXProject;
			attributes = {
				LastUpgradeCheck = 0940;
				ORGANIZATIONNAME = kelly;
				TargetAttributes = {
					A23BD2F7211A79D6003CFCEA = {
						CreatedOnToolsVersion = 9.4.1;
					};
					A23BD30F211A79D7003CFCEA = {
						CreatedOnToolsVersion = 9.4.1;
						TestTargetID = A23BD2F7211A79D6003CFCEA;
					};
					A23BD31A211A79D7003CFCEA = {
						CreatedOnToolsVersion = 9.4.1;
						TestTargetID = A23BD2F7211A79D6003CFCEA;
					};
				};
			};
			buildConfigurationList = A23BD2F3211A79D6003CFCEA /* Build configuration list for PBXProject "系统相册_Demo" */;
			compatibilityVersion = "Xcode 9.3";
			developmentRegion = en;
			hasScannedForEncodings = 0;
			knownRegions = (
				en,
				Base,
			);
			mainGroup = A23BD2EF211A79D6003CFCEA;
			productRefGroup = A23BD2F9211A79D6003CFCEA /* Products */;
			projectDirPath = "";
			projectRoot = "";
			targets = (
				A23BD2F7211A79D6003CFCEA /* 系统相册_Demo */,
				A23BD30F211A79D7003CFCEA /* 系统相册_DemoTests */,
				A23BD31A211A79D7003CFCEA /* 系统相册_DemoUITests */,
			);
		};
/* End PBXProject section */

/* Begin PBXResourcesBuildPhase section */
		A23BD2F6211A79D6003CFCEA /* Resources */ = {
			isa = PBXResourcesBuildPhase;
			buildActionMask = 2147483647;
			files = (
				A23BD308211A79D7003CFCEA /* LaunchScreen.storyboard in Resources */,
				A23BD305211A79D7003CFCEA /* Assets.xcassets in Resources */,
				A23BD303211A79D6003CFCEA /* Main.storyboard in Resources */,
			);
			runOnlyForDeploymentPostprocessing = 0;
		};
		A23BD30E211A79D7003CFCEA /* Resources */ = {
			isa = PBXResourcesBuildPhase;
			buildActionMask = 2147483647;
			files = (
			);
			runOnlyForDeploymentPostprocessing = 0;
		};
		A23BD319211A79D7003CFCEA /* Resources */ = {
			isa = PBXResourcesBuildPhase;
			buildActionMask = 2147483647;
			files = (
			);
			runOnlyForDeploymentPostprocessing = 0;
		};
/* End PBXResourcesBuildPhase section */

/* Begin PBXSourcesBuildPhase section */
		A23BD2F4211A79D6003CFCEA /* Sources */ = {
			isa = PBXSourcesBuildPhase;
			buildActionMask = 2147483647;
			files = (
				A23BD300211A79D6003CFCEA /* ViewController.m in Sources */,
				A23BD30B211A79D7003CFCEA /* main.m in Sources */,
				A23BD2FD211A79D6003CFCEA /* AppDelegate.m in Sources */,
			);
			runOnlyForDeploymentPostprocessing = 0;
		};
		A23BD30C211A79D7003CFCEA /* Sources */ = {
			isa = PBXSourcesBuildPhase;
			buildActionMask = 2147483647;
			files = (
				A23BD315211A79D7003CFCEA /* _____DemoTests.m in Sources */,
			);
			runOnlyForDeploymentPostprocessing = 0;
		};
		A23BD317211A79D7003CFCEA /* Sources */ = {
			isa = PBXSourcesBuildPhase;
			buildActionMask = 2147483647;
			files = (
				A23BD320211A79D7003CFCEA /* _____DemoUITests.m in Sources */,
			);
			runOnlyForDeploymentPostprocessing = 0;
		};
/* End PBXSourcesBuildPhase section */

/* Begin PBXTargetDependency section */
		A23BD312211A79D7003CFCEA /* PBXTargetDependency */ = {
			isa = PBXTargetDependency;
			target = A23BD2F7211A79D6003CFCEA /* 系统相册_Demo */;
			targetProxy = A23BD311211A79D7003CFCEA /* PBXContainerItemProxy */;
		};
		A23BD31D211A79D7003CFCEA /* PBXTargetDependency */ = {
			isa = PBXTargetDependency;
			target = A23BD2F7211A79D6003CFCEA /* 系统相册_Demo */;
			targetProxy = A23BD31C211A79D7003CFCEA /* PBXContainerItemProxy */;
		};
/* End PBXTargetDependency section */

/* Begin PBXVariantGroup section */
		A23BD301211A79D6003CFCEA /* Main.storyboard */ = {
			isa = PBXVariantGroup;
			children = (
				A23BD302211A79D6003CFCEA /* Base */,
			);
			name = Main.storyboard;
			sourceTree = "<group>";
		};
		A23BD306211A79D7003CFCEA /* LaunchScreen.storyboard */ = {
			isa = PBXVariantGroup;
			children = (
				A23BD307211A79D7003CFCEA /* Base */,
			);
			name = LaunchScreen.storyboard;
			sourceTree = "<group>";
		};
/* End PBXVariantGroup section */

/* Begin XCBuildConfiguration section */
		A23BD322211A79D7003CFCEA /* Debug */ = {
			isa = XCBuildConfiguration;
			buildSettings = {
				ALWAYS_SEARCH_USER_PATHS = NO;
				CLANG_ANALYZER_NONNULL = YES;
				CLANG_ANALYZER_NUMBER_OBJECT_CONVERSION = YES_AGGRESSIVE;
				CLANG_CXX_LANGUAGE_STANDARD = "gnu++14";
				CLANG_CXX_LIBRARY = "libc++";
				CLANG_ENABLE_MODULES = YES;
				CLANG_ENABLE_OBJC_ARC = YES;
				CLANG_ENABLE_OBJC_WEAK = YES;
				CLANG_WARN_BLOCK_CAPTURE_AUTORELEASING = YES;
				CLANG_WARN_BOOL_CONVERSION = YES;
				CLANG_WARN_COMMA = YES;
				CLANG_WARN_CONSTANT_CONVERSION = YES;
				CLANG_WARN_DEPRECATED_OBJC_IMPLEMENTATIONS = YES;
				CLANG_WARN_DIRECT_OBJC_ISA_USAGE = YES_ERROR;
				CLANG_WARN_DOCUMENTATION_COMMENTS = YES;
				CLANG_WARN_EMPTY_BODY = YES;
				CLANG_WARN_ENUM_CONVERSION = YES;
				CLANG_WARN_INFINITE_RECURSION = YES;
				CLANG_WARN_INT_CONVERSION = YES;
				CLANG_WARN_NON_LITERAL_NULL_CONVERSION = YES;
				CLANG_WARN_OBJC_IMPLICIT_RETAIN_SELF = YES;
				CLANG_WARN_OBJC_LITERAL_CONVERSION = YES;
				CLANG_WARN_OBJC_ROOT_CLASS = YES_ERROR;
				CLANG_WARN_RANGE_LOOP_ANALYSIS = YES;
				CLANG_WARN_STRICT_PROTOTYPES = YES;
				CLANG_WARN_SUSPICIOUS_MOVE = YES;
				CLANG_WARN_UNGUARDED_AVAILABILITY = YES_AGGRESSIVE;
				CLANG_WARN_UNREACHABLE_CODE = YES;
				CLANG_WARN__DUPLICATE_METHOD_MATCH = YES;
				CODE_SIGN_IDENTITY = "iPhone Developer";
				COPY_PHASE_STRIP = NO;
				DEBUG_INFORMATION_FORMAT = dwarf;
				ENABLE_STRICT_OBJC_MSGSEND = YES;
				ENABLE_TESTABILITY = YES;
				GCC_C_LANGUAGE_STANDARD = gnu11;
				GCC_DYNAMIC_NO_PIC = NO;
				GCC_NO_COMMON_BLOCKS = YES;
				GCC_OPTIMIZATION_LEVEL = 0;
				GCC_PREPROCESSOR_DEFINITIONS = (
					"DEBUG=1",
					"$(inherited)",
				);
				GCC_WARN_64_TO_32_BIT_CONVERSION = YES;
				GCC_WARN_ABOUT_RETURN_TYPE = YES_ERROR;
				GCC_WARN_UNDECLARED_SELECTOR = YES;
				GCC_WARN_UNINITIALIZED_AUTOS = YES_AGGRESSIVE;
				GCC_WARN_UNUSED_FUNCTION = YES;
				GCC_WARN_UNUSED_VARIABLE = YES;
				IPHONEOS_DEPLOYMENT_TARGET = 11.4;
				MTL_ENABLE_DEBUG_INFO = YES;
				ONLY_ACTIVE_ARCH = YES;
				SDKROOT = iphoneos;
			};
			name = Debug;
		};
		A23BD323211A79D7003CFCEA /* Release */ = {
			isa = XCBuildConfiguration;
			buildSettings = {
				ALWAYS_SEARCH_USER_PATHS = NO;
				CLANG_ANALYZER_NONNULL = YES;
				CLANG_ANALYZER_NUMBER_OBJECT_CONVERSION = YES_AGGRESSIVE;
				CLANG_CXX_LANGUAGE_STANDARD = "gnu++14";
				CLANG_CXX_LIBRARY = "libc++";
				CLANG_ENABLE_MODULES = YES;
				CLANG_ENABLE_OBJC_ARC = YES;
				CLANG_ENABLE_OBJC_WEAK = YES;
				CLANG_WARN_BLOCK_CAPTURE_AUTORELEASING = YES;
				CLANG_WARN_BOOL_CONVERSION = YES;
				CLANG_WARN_COMMA = YES;
				CLANG_WARN_CONSTANT_CONVERSION = YES;
				CLANG_WARN_DEPRECATED_OBJC_IMPLEMENTATIONS = YES;
				CLANG_WARN_DIRECT_OBJC_ISA_USAGE = YES_ERROR;
				CLANG_WARN_DOCUMENTATION_COMMENTS = YES;
				CLANG_WARN_EMPTY_BODY = YES;
				CLANG_WARN_ENUM_CONVERSION = YES;
				CLANG_WARN_INFINITE_RECURSION = YES;
				CLANG_WARN_INT_CONVERSION = YES;
				CLANG_WARN_NON_LITERAL_NULL_CONVERSION = YES;
				CLANG_WARN_OBJC_IMPLICIT_RETAIN_SELF = YES;
				CLANG_WARN_OBJC_LITERAL_CONVERSION = YES;
				CLANG_WARN_OBJC_ROOT_CLASS = YES_ERROR;
				CLANG_WARN_RANGE_LOOP_ANALYSIS = YES;
				CLANG_WARN_STRICT_PROTOTYPES = YES;
				CLANG_WARN_SUSPICIOUS_MOVE = YES;
				CLANG_WARN_UNGUARDED_AVAILABILITY = YES_AGGRESSIVE;
				CLANG_WARN_UNREACHABLE_CODE = YES;
				CLANG_WARN__DUPLICATE_METHOD_MATCH = YES;
				CODE_SIGN_IDENTITY = "iPhone Developer";
				COPY_PHASE_STRIP = NO;
				DEBUG_INFORMATION_FORMAT = "dwarf-with-dsym";
				ENABLE_NS_ASSERTIONS = NO;
				ENABLE_STRICT_OBJC_MSGSEND = YES;
				GCC_C_LANGUAGE_STANDARD = gnu11;
				GCC_NO_COMMON_BLOCKS = YES;
				GCC_WARN_64_TO_32_BIT_CONVERSION = YES;
				GCC_WARN_ABOUT_RETURN_TYPE = YES_ERROR;
				GCC_WARN_UNDECLARED_SELECTOR = YES;
				GCC_WARN_UNINITIALIZED_AUTOS = YES_AGGRESSIVE;
				GCC_WARN_UNUSED_FUNCTION = YES;
				GCC_WARN_UNUSED_VARIABLE = YES;
				IPHONEOS_DEPLOYMENT_TARGET = 11.4;
				MTL_ENABLE_DEBUG_INFO = NO;
				SDKROOT = iphoneos;
				VALIDATE_PRODUCT = YES;
			};
			name = Release;
		};
		A23BD325211A79D7003CFCEA /* Debug */ = {
			isa = XCBuildConfiguration;
			buildSettings = {
				ASSETCATALOG_COMPILER_APPICON_NAME = AppIcon;
				CODE_SIGN_STYLE = Automatic;
				INFOPLIST_FILE = "系统相册_Demo/Info.plist";
				LD_RUNPATH_SEARCH_PATHS = (
					"$(inherited)",
					"@executable_path/Frameworks",
				);
				PRODUCT_BUNDLE_IDENTIFIER = "mz.com.-----Demo";
				PRODUCT_NAME = "$(TARGET_NAME)";
				TARGETED_DEVICE_FAMILY = "1,2";
			};
			name = Debug;
		};
		A23BD326211A79D7003CFCEA /* Release */ = {
			isa = XCBuildConfiguration;
			buildSettings = {
				ASSETCATALOG_COMPILER_APPICON_NAME = AppIcon;
				CODE_SIGN_STYLE = Automatic;
				INFOPLIST_FILE = "系统相册_Demo/Info.plist";
				LD_RUNPATH_SEARCH_PATHS = (
					"$(inherited)",
					"@executable_path/Frameworks",
				);
				PRODUCT_BUNDLE_IDENTIFIER = "mz.com.-----Demo";
				PRODUCT_NAME = "$(TARGET_NAME)";
				TARGETED_DEVICE_FAMILY = "1,2";
			};
			name = Release;
		};
		A23BD328211A79D7003CFCEA /* Debug */ = {
			isa = XCBuildConfiguration;
			buildSettings = {
				BUNDLE_LOADER = "$(TEST_HOST)";
				CODE_SIGN_STYLE = Automatic;
				INFOPLIST_FILE = "系统相册_DemoTests/Info.plist";
				LD_RUNPATH_SEARCH_PATHS = (
					"$(inherited)",
					"@executable_path/Frameworks",
					"@loader_path/Frameworks",
				);
				PRODUCT_BUNDLE_IDENTIFIER = "mz.com.-----DemoTests";
				PRODUCT_NAME = "$(TARGET_NAME)";
				TARGETED_DEVICE_FAMILY = "1,2";
				TEST_HOST = "$(BUILT_PRODUCTS_DIR)/系统相册_Demo.app/系统相册_Demo";
			};
			name = Debug;
		};
		A23BD329211A79D7003CFCEA /* Release */ = {
			isa = XCBuildConfiguration;
			buildSettings = {
				BUNDLE_LOADER = "$(TEST_HOST)";
				CODE_SIGN_STYLE = Automatic;
				INFOPLIST_FILE = "系统相册_DemoTests/Info.plist";
				LD_RUNPATH_SEARCH_PATHS = (
					"$(inherited)",
					"@executable_path/Frameworks",
					"@loader_path/Frameworks",
				);
				PRODUCT_BUNDLE_IDENTIFIER = "mz.com.-----DemoTests";
				PRODUCT_NAME = "$(TARGET_NAME)";
				TARGETED_DEVICE_FAMILY = "1,2";
				TEST_HOST = "$(BUILT_PRODUCTS_DIR)/系统相册_Demo.app/系统相册_Demo";
			};
			name = Release;
		};
		A23BD32B211A79D7003CFCEA /* Debug */ = {
			isa = XCBuildConfiguration;
			buildSettings = {
				CODE_SIGN_STYLE = Automatic;
				INFOPLIST_FILE = "系统相册_DemoUITests/Info.plist";
				LD_RUNPATH_SEARCH_PATHS = (
					"$(inherited)",
					"@executable_path/Frameworks",
					"@loader_path/Frameworks",
				);
				PRODUCT_BUNDLE_IDENTIFIER = "mz.com.-----DemoUITests";
				PRODUCT_NAME = "$(TARGET_NAME)";
				TARGETED_DEVICE_FAMILY = "1,2";
				TEST_TARGET_NAME = "系统相册_Demo";
			};
			name = Debug;
		};
		A23BD32C211A79D7003CFCEA /* Release */ = {
			isa = XCBuildConfiguration;
			buildSettings = {
				CODE_SIGN_STYLE = Automatic;
				INFOPLIST_FILE = "系统相册_DemoUITests/Info.plist";
				LD_RUNPATH_SEARCH_PATHS = (
					"$(inherited)",
					"@executable_path/Frameworks",
					"@loader_path/Frameworks",
				);
				PRODUCT_BUNDLE_IDENTIFIER = "mz.com.-----DemoUITests";
				PRODUCT_NAME = "$(TARGET_NAME)";
				TARGETED_DEVICE_FAMILY = "1,2";
				TEST_TARGET_NAME = "系统相册_Demo";
			};
			name = Release;
		};
/* End XCBuildConfiguration section */

/* Begin XCConfigurationList section */
		A23BD2F3211A79D6003CFCEA /* Build configuration list for PBXProject "系统相册_Demo" */ = {
			isa = XCConfigurationList;
			buildConfigurations = (
				A23BD322211A79D7003CFCEA /* Debug */,
				A23BD323211A79D7003CFCEA /* Release */,
			);
			defaultConfigurationIsVisible = 0;
			defaultConfigurationName = Release;
		};
		A23BD324211A79D7003CFCEA /* Build configuration list for PBXNativeTarget "系统相册_Demo" */ = {
			isa = XCConfigurationList;
			buildConfigurations = (
				A23BD325211A79D7003CFCEA /* Debug */,
				A23BD326211A79D7003CFCEA /* Release */,
			);
			defaultConfigurationIsVisible = 0;
			defaultConfigurationName = Release;
		};
		A23BD327211A79D7003CFCEA /* Build configuration list for PBXNativeTarget "系统相册_DemoTests" */ = {
			isa = XCConfigurationList;
			buildConfigurations = (
				A23BD328211A79D7003CFCEA /* Debug */,
				A23BD329211A79D7003CFCEA /* Release */,
			);
			defaultConfigurationIsVisible = 0;
			defaultConfigurationName = Release;
		};
		A23BD32A211A79D7003CFCEA /* Build configuration list for PBXNativeTarget "系统相册_DemoUITests" */ = {
			isa = XCConfigurationList;
			buildConfigurations = (
				A23BD32B211A79D7003CFCEA /* Debug */,
				A23BD32C211A79D7003CFCEA /* Release */,
			);
			defaultConfigurationIsVisible = 0;
			defaultConfigurationName = Release;
		};
/* End XCConfigurationList section */
	};
	rootObject = A23BD2F0211A79D6003CFCEA /* Project object */;
}
